// !$*UTF8*$!
{
	archiveVersion = 1;
	classes = {
	};
	objectVersion = 63;
	objects = {

/* Begin PBXBuildFile section */
		04DDEC37CFDC6213A3C2C404 /* PlacesNetworkServiceTests.swift in Sources */ = {isa = PBXBuildFile; fileRef = 2DAD87AD554E4C215B3E07DA /* PlacesNetworkServiceTests.swift */; };
		06012A7D3BEBFB351081F9FB /* TestDependencyContainer.swift in Sources */ = {isa = PBXBuildFile; fileRef = E88838225FB357F63703D2D8 /* TestDependencyContainer.swift */; };
		0DE7F848BF2EDDF685D6537B /* PlacesNetworkService.swift in Sources */ = {isa = PBXBuildFile; fileRef = 7DE02131DA410890F6828EA7 /* PlacesNetworkService.swift */; };
		10F879D8A480C19C7AE0D8F4 /* NetworkReachability.swift in Sources */ = {isa = PBXBuildFile; fileRef = 4425CE8DE08369BB8C663F53 /* NetworkReachability.swift */; };
		1B3AA27E9995DCDC43C93A18 /* PlaceModelTests.swift in Sources */ = {isa = PBXBuildFile; fileRef = 576BEDFB714EC270DD1FD74A /* PlaceModelTests.swift */; };
		1CCE67F86E00A271399DE503 /* NetworkReachabilityTests.swift in Sources */ = {isa = PBXBuildFile; fileRef = A5440D111D8BBE07FB9252CE /* NetworkReachabilityTests.swift */; };
		2007C677A0F590C3438B564F /* DependencyContainer.swift in Sources */ = {isa = PBXBuildFile; fileRef = C159898A484482FF66F1CCEE /* DependencyContainer.swift */; };
		20B8736852685FF08539EF38 /* Localizable.strings in Resources */ = {isa = PBXBuildFile; fileRef = 8C49A5111C7E208AD0916879 /* Localizable.strings */; };
		2BBD5D405237B1DE27350C7F /* PlacesAppApp.swift in Sources */ = {isa = PBXBuildFile; fileRef = 4D2FE893014E634FBF8CEBE7 /* PlacesAppApp.swift */; };
		42E5A660A7A4616EACBB8FF1 /* CoordinateValidator.swift in Sources */ = {isa = PBXBuildFile; fileRef = 1A03D6771C92D3A4460A779A /* CoordinateValidator.swift */; };
		47FDDB261A843854D7DC75D1 /* PlaceRowView.swift in Sources */ = {isa = PBXBuildFile; fileRef = A46080F43A609F9FA5B9A44B /* PlaceRowView.swift */; };
		4DD59C58861A4E32C18A9184 /* PlacesRepositoryProtocol.swift in Sources */ = {isa = PBXBuildFile; fileRef = 770E24BF6A697C83ACD417D6 /* PlacesRepositoryProtocol.swift */; };
		531CEB607C18B243AA182786 /* MockNetworkReachability.swift in Sources */ = {isa = PBXBuildFile; fileRef = 01DF12F94C2B3A5A53B78FD6 /* MockNetworkReachability.swift */; };
		55EA4B8EEDE14A6C8837574B /* PlacesAppUITests.swift in Sources */ = {isa = PBXBuildFile; fileRef = C9F7E4A870435BD50EDE77BE /* PlacesAppUITests.swift */; };
		647A3960E2333BE2543D1B75 /* PlacesRepositoryTests.swift in Sources */ = {isa = PBXBuildFile; fileRef = AA9CB13AC8C7C70E893586C1 /* PlacesRepositoryTests.swift */; };
		72660DBDB254BD6FC70D8156 /* WikipediaURLBuilder.swift in Sources */ = {isa = PBXBuildFile; fileRef = 28563FE24234E8F7F1B831F4 /* WikipediaURLBuilder.swift */; };
		73C38E4F53A14E48E08D1119 /* MockURLSession.swift in Sources */ = {isa = PBXBuildFile; fileRef = D903656330C008F6FB6D6F0E /* MockURLSession.swift */; };
		7F90ADD6A8614E9BB1440794 /* ErrorStateUITests.swift in Sources */ = {isa = PBXBuildFile; fileRef = 878815E22EA7F6D67244960C /* ErrorStateUITests.swift */; };
		8B91C6C2D6A22B2E5A949DBD /* LocalizedStrings.swift in Sources */ = {isa = PBXBuildFile; fileRef = 049E9C6DA19E5D71493E4985 /* LocalizedStrings.swift */; };
		8E29836163556CEDD901EFAD /* AccessibilityUITests.swift in Sources */ = {isa = PBXBuildFile; fileRef = D6993AC33BCCB28211651E64 /* AccessibilityUITests.swift */; };
		9167F5709E89D853EE6BD0B2 /* PlaceDecodingTests.swift in Sources */ = {isa = PBXBuildFile; fileRef = DAFA6790EDB78A4BAF318A58 /* PlaceDecodingTests.swift */; };
		92178DD53EB9D2CF89AF5BE7 /* PlacesViewModelTests.swift in Sources */ = {isa = PBXBuildFile; fileRef = 554A9EC0832E5059E1191D21 /* PlacesViewModelTests.swift */; };
		95017E79309CC923836DA805 /* MockPlacesRepository.swift in Sources */ = {isa = PBXBuildFile; fileRef = 3A6DF1A5F929E99CAC5160EA /* MockPlacesRepository.swift */; };
		9779973F8D32FC7B47627BEE /* Theme.swift in Sources */ = {isa = PBXBuildFile; fileRef = FC634E308F3F2BA0211978BC /* Theme.swift */; };
		9D2A3921FEACC13EFA7CBDE0 /* WikipediaURLBuilderTests.swift in Sources */ = {isa = PBXBuildFile; fileRef = 318C153628E5568478D67195 /* WikipediaURLBuilderTests.swift */; };
		A01C00271A792F4B89DF46CB /* GetLocationsUseCase.swift in Sources */ = {isa = PBXBuildFile; fileRef = 0C79BAF82D449676C09DBFA2 /* GetLocationsUseCase.swift */; };
		A4E5468FFCAE4F11DE873BB9 /* ErrorMessages.swift in Sources */ = {isa = PBXBuildFile; fileRef = 60FE3B802ACC808A403D740D /* ErrorMessages.swift */; };
		AC29D83387B29FC0238A1915 /* CustomLocationView.swift in Sources */ = {isa = PBXBuildFile; fileRef = 48C844E6260DD2C4195313EA /* CustomLocationView.swift */; };
		B3605F0651BA47C018B4704E /* GetLocationsUseCaseTests.swift in Sources */ = {isa = PBXBuildFile; fileRef = 066238EC5B7C7F9841E1FF45 /* GetLocationsUseCaseTests.swift */; };
		B5C3022689E3BA0A18D19440 /* PlacesRepository.swift in Sources */ = {isa = PBXBuildFile; fileRef = CE32608245346DE75513DC90 /* PlacesRepository.swift */; };
		B9A53B8A666CDBEA0EC60A39 /* PlaceRowViewTests.swift in Sources */ = {isa = PBXBuildFile; fileRef = 9C099C72AA0A5D3C30837520 /* PlaceRowViewTests.swift */; };
		C71BEA3B90341267707CE95F /* PlacesMapView.swift in Sources */ = {isa = PBXBuildFile; fileRef = 1CD32D63EA75579C633A761D /* PlacesMapView.swift */; };
		C9891B2D524C9F679D152040 /* CreateCustomLocationUseCase.swift in Sources */ = {isa = PBXBuildFile; fileRef = A8847134AC2D1B473153FBDC /* CreateCustomLocationUseCase.swift */; };
		CE677D1B867AA6E62244A9B2 /* NetworkErrorTests.swift in Sources */ = {isa = PBXBuildFile; fileRef = 65350EB652357C7EDD9617A3 /* NetworkErrorTests.swift */; };
		D11F734D595349C89F254DEE /* ErrorStateView.swift in Sources */ = {isa = PBXBuildFile; fileRef = D31080F4E4D7690146B9080D /* ErrorStateView.swift */; };
		D1C71DFF4AB483AE920A8F76 /* Place.swift in Sources */ = {isa = PBXBuildFile; fileRef = 95CC30AE3A3EDA3BBA3A6E77 /* Place.swift */; };
		D705156D2B82D39A4A988EDC /* mock_locations.json in Resources */ = {isa = PBXBuildFile; fileRef = 440F166B7E2B5B0804008938 /* mock_locations.json */; };
		DA0A662E033A7B134F096409 /* XCUIElement+Extensions.swift in Sources */ = {isa = PBXBuildFile; fileRef = 72D3FA43D1DEFFCECDDE26B3 /* XCUIElement+Extensions.swift */; };
		DB40A5094AEA25E252034064 /* PlacesViewModel.swift in Sources */ = {isa = PBXBuildFile; fileRef = A7C4CB50E91C0F0EA5743FD7 /* PlacesViewModel.swift */; };
		E84CA7CD75148F7D3D4E41ED /* MockNetworkService.swift in Sources */ = {isa = PBXBuildFile; fileRef = 14791246D39D106924F68500 /* MockNetworkService.swift */; };
		E989EFF42EDBAC2200219D20 /* PlacesMapViewClusterTests.swift in Sources */ = {isa = PBXBuildFile; fileRef = E989EFF32EDBAC2200219D20 /* PlacesMapViewClusterTests.swift */; };
		EB51E57A03D628A5EF2EBA08 /* EmptyStateView.swift in Sources */ = {isa = PBXBuildFile; fileRef = 316F06D9ABD569E88D28C776 /* EmptyStateView.swift */; };
		EC8296067481867783B22EBC /* MapRegionCalculator.swift in Sources */ = {isa = PBXBuildFile; fileRef = E239ADE9C8A097B9E89C1C85 /* MapRegionCalculator.swift */; };
		F9EA850B26E962590C1C6DA3 /* CreateCustomLocationUseCaseTests.swift in Sources */ = {isa = PBXBuildFile; fileRef = E47F84B3F4A5B2EF756C30B4 /* CreateCustomLocationUseCaseTests.swift */; };
		FC647A636588E2001725EE92 /* PlacesListView.swift in Sources */ = {isa = PBXBuildFile; fileRef = 9AEB2A76BB51CC301666886D /* PlacesListView.swift */; };
		FC89C61A89CD313FBBEE980D /* ErrorStateViewTests.swift in Sources */ = {isa = PBXBuildFile; fileRef = 9C16793CB6229293BB04645B /* ErrorStateViewTests.swift */; };
/* End PBXBuildFile section */

/* Begin PBXContainerItemProxy section */
		2462929860F804E8A4595B30 /* PBXContainerItemProxy */ = {
			isa = PBXContainerItemProxy;
			containerPortal = 2778231CA468872FE156CC5F /* Project object */;
			proxyType = 1;
			remoteGlobalIDString = 95F47BCBBDE3795A0B63995D;
			remoteInfo = PlacesApp;
		};
		5CBEDA06CF0F02EC4CD972C0 /* PBXContainerItemProxy */ = {
			isa = PBXContainerItemProxy;
			containerPortal = 2778231CA468872FE156CC5F /* Project object */;
			proxyType = 1;
			remoteGlobalIDString = 95F47BCBBDE3795A0B63995D;
			remoteInfo = PlacesApp;
		};
/* End PBXContainerItemProxy section */

/* Begin PBXFileReference section */
		01DF12F94C2B3A5A53B78FD6 /* MockNetworkReachability.swift */ = {isa = PBXFileReference; lastKnownFileType = sourcecode.swift; path = MockNetworkReachability.swift; sourceTree = "<group>"; };
		03897135D456290701D87E4A /* en */ = {isa = PBXFileReference; lastKnownFileType = text.plist.strings; name = en; path = en.lproj/Localizable.strings; sourceTree = "<group>"; };
		049E9C6DA19E5D71493E4985 /* LocalizedStrings.swift */ = {isa = PBXFileReference; lastKnownFileType = sourcecode.swift; path = LocalizedStrings.swift; sourceTree = "<group>"; };
		066238EC5B7C7F9841E1FF45 /* GetLocationsUseCaseTests.swift */ = {isa = PBXFileReference; lastKnownFileType = sourcecode.swift; path = GetLocationsUseCaseTests.swift; sourceTree = "<group>"; };
		0C79BAF82D449676C09DBFA2 /* GetLocationsUseCase.swift */ = {isa = PBXFileReference; lastKnownFileType = sourcecode.swift; path = GetLocationsUseCase.swift; sourceTree = "<group>"; };
		14791246D39D106924F68500 /* MockNetworkService.swift */ = {isa = PBXFileReference; lastKnownFileType = sourcecode.swift; path = MockNetworkService.swift; sourceTree = "<group>"; };
		1A03D6771C92D3A4460A779A /* CoordinateValidator.swift */ = {isa = PBXFileReference; lastKnownFileType = sourcecode.swift; path = CoordinateValidator.swift; sourceTree = "<group>"; };
		1CD32D63EA75579C633A761D /* PlacesMapView.swift */ = {isa = PBXFileReference; lastKnownFileType = sourcecode.swift; path = PlacesMapView.swift; sourceTree = "<group>"; };
		28563FE24234E8F7F1B831F4 /* WikipediaURLBuilder.swift */ = {isa = PBXFileReference; lastKnownFileType = sourcecode.swift; path = WikipediaURLBuilder.swift; sourceTree = "<group>"; };
		2DAD87AD554E4C215B3E07DA /* PlacesNetworkServiceTests.swift */ = {isa = PBXFileReference; lastKnownFileType = sourcecode.swift; path = PlacesNetworkServiceTests.swift; sourceTree = "<group>"; };
		316F06D9ABD569E88D28C776 /* EmptyStateView.swift */ = {isa = PBXFileReference; lastKnownFileType = sourcecode.swift; path = EmptyStateView.swift; sourceTree = "<group>"; };
		318C153628E5568478D67195 /* WikipediaURLBuilderTests.swift */ = {isa = PBXFileReference; lastKnownFileType = sourcecode.swift; path = WikipediaURLBuilderTests.swift; sourceTree = "<group>"; };
		3A6DF1A5F929E99CAC5160EA /* MockPlacesRepository.swift */ = {isa = PBXFileReference; lastKnownFileType = sourcecode.swift; path = MockPlacesRepository.swift; sourceTree = "<group>"; };
		440F166B7E2B5B0804008938 /* mock_locations.json */ = {isa = PBXFileReference; lastKnownFileType = text.json; path = mock_locations.json; sourceTree = "<group>"; };
		4425CE8DE08369BB8C663F53 /* NetworkReachability.swift */ = {isa = PBXFileReference; lastKnownFileType = sourcecode.swift; path = NetworkReachability.swift; sourceTree = "<group>"; };
		48C844E6260DD2C4195313EA /* CustomLocationView.swift */ = {isa = PBXFileReference; lastKnownFileType = sourcecode.swift; path = CustomLocationView.swift; sourceTree = "<group>"; };
		4D2FE893014E634FBF8CEBE7 /* PlacesAppApp.swift */ = {isa = PBXFileReference; lastKnownFileType = sourcecode.swift; path = PlacesAppApp.swift; sourceTree = "<group>"; };
		554A9EC0832E5059E1191D21 /* PlacesViewModelTests.swift */ = {isa = PBXFileReference; lastKnownFileType = sourcecode.swift; path = PlacesViewModelTests.swift; sourceTree = "<group>"; };
		576BEDFB714EC270DD1FD74A /* PlaceModelTests.swift */ = {isa = PBXFileReference; lastKnownFileType = sourcecode.swift; path = PlaceModelTests.swift; sourceTree = "<group>"; };
		59BAB4FF5E0C53A1369A1BA4 /* nl */ = {isa = PBXFileReference; lastKnownFileType = text.plist.strings; name = nl; path = nl.lproj/Localizable.strings; sourceTree = "<group>"; };
		60FE3B802ACC808A403D740D /* ErrorMessages.swift */ = {isa = PBXFileReference; lastKnownFileType = sourcecode.swift; path = ErrorMessages.swift; sourceTree = "<group>"; };
		65350EB652357C7EDD9617A3 /* NetworkErrorTests.swift */ = {isa = PBXFileReference; lastKnownFileType = sourcecode.swift; path = NetworkErrorTests.swift; sourceTree = "<group>"; };
		6CA977A987D1C4E29C0C6A96 /* PlacesAppTests.xctest */ = {isa = PBXFileReference; includeInIndex = 0; lastKnownFileType = wrapper.cfbundle; path = PlacesAppTests.xctest; sourceTree = BUILT_PRODUCTS_DIR; };
		7236242B6096301DD9BE08DF /* PlacesApp.app */ = {isa = PBXFileReference; includeInIndex = 0; lastKnownFileType = wrapper.application; path = PlacesApp.app; sourceTree = BUILT_PRODUCTS_DIR; };
		72D3FA43D1DEFFCECDDE26B3 /* XCUIElement+Extensions.swift */ = {isa = PBXFileReference; lastKnownFileType = sourcecode.swift; path = "XCUIElement+Extensions.swift"; sourceTree = "<group>"; };
		770E24BF6A697C83ACD417D6 /* PlacesRepositoryProtocol.swift */ = {isa = PBXFileReference; lastKnownFileType = sourcecode.swift; path = PlacesRepositoryProtocol.swift; sourceTree = "<group>"; };
		7DE02131DA410890F6828EA7 /* PlacesNetworkService.swift */ = {isa = PBXFileReference; lastKnownFileType = sourcecode.swift; path = PlacesNetworkService.swift; sourceTree = "<group>"; };
		878815E22EA7F6D67244960C /* ErrorStateUITests.swift */ = {isa = PBXFileReference; lastKnownFileType = sourcecode.swift; path = ErrorStateUITests.swift; sourceTree = "<group>"; };
		95CC30AE3A3EDA3BBA3A6E77 /* Place.swift */ = {isa = PBXFileReference; lastKnownFileType = sourcecode.swift; path = Place.swift; sourceTree = "<group>"; };
		9AEB2A76BB51CC301666886D /* PlacesListView.swift */ = {isa = PBXFileReference; lastKnownFileType = sourcecode.swift; path = PlacesListView.swift; sourceTree = "<group>"; };
		9C099C72AA0A5D3C30837520 /* PlaceRowViewTests.swift */ = {isa = PBXFileReference; lastKnownFileType = sourcecode.swift; path = PlaceRowViewTests.swift; sourceTree = "<group>"; };
		9C16793CB6229293BB04645B /* ErrorStateViewTests.swift */ = {isa = PBXFileReference; lastKnownFileType = sourcecode.swift; path = ErrorStateViewTests.swift; sourceTree = "<group>"; };
		A46080F43A609F9FA5B9A44B /* PlaceRowView.swift */ = {isa = PBXFileReference; lastKnownFileType = sourcecode.swift; path = PlaceRowView.swift; sourceTree = "<group>"; };
		A5440D111D8BBE07FB9252CE /* NetworkReachabilityTests.swift */ = {isa = PBXFileReference; lastKnownFileType = sourcecode.swift; path = NetworkReachabilityTests.swift; sourceTree = "<group>"; };
		A7C4CB50E91C0F0EA5743FD7 /* PlacesViewModel.swift */ = {isa = PBXFileReference; lastKnownFileType = sourcecode.swift; path = PlacesViewModel.swift; sourceTree = "<group>"; };
		A8847134AC2D1B473153FBDC /* CreateCustomLocationUseCase.swift */ = {isa = PBXFileReference; lastKnownFileType = sourcecode.swift; path = CreateCustomLocationUseCase.swift; sourceTree = "<group>"; };
		AA9CB13AC8C7C70E893586C1 /* PlacesRepositoryTests.swift */ = {isa = PBXFileReference; lastKnownFileType = sourcecode.swift; path = PlacesRepositoryTests.swift; sourceTree = "<group>"; };
		C159898A484482FF66F1CCEE /* DependencyContainer.swift */ = {isa = PBXFileReference; lastKnownFileType = sourcecode.swift; path = DependencyContainer.swift; sourceTree = "<group>"; };
		C9F7E4A870435BD50EDE77BE /* PlacesAppUITests.swift */ = {isa = PBXFileReference; lastKnownFileType = sourcecode.swift; path = PlacesAppUITests.swift; sourceTree = "<group>"; };
		CE32608245346DE75513DC90 /* PlacesRepository.swift */ = {isa = PBXFileReference; lastKnownFileType = sourcecode.swift; path = PlacesRepository.swift; sourceTree = "<group>"; };
		D31080F4E4D7690146B9080D /* ErrorStateView.swift */ = {isa = PBXFileReference; lastKnownFileType = sourcecode.swift; path = ErrorStateView.swift; sourceTree = "<group>"; };
		D6993AC33BCCB28211651E64 /* AccessibilityUITests.swift */ = {isa = PBXFileReference; lastKnownFileType = sourcecode.swift; path = AccessibilityUITests.swift; sourceTree = "<group>"; };
		D903656330C008F6FB6D6F0E /* MockURLSession.swift */ = {isa = PBXFileReference; lastKnownFileType = sourcecode.swift; path = MockURLSession.swift; sourceTree = "<group>"; };
		DAFA6790EDB78A4BAF318A58 /* PlaceDecodingTests.swift */ = {isa = PBXFileReference; lastKnownFileType = sourcecode.swift; path = PlaceDecodingTests.swift; sourceTree = "<group>"; };
		E239ADE9C8A097B9E89C1C85 /* MapRegionCalculator.swift */ = {isa = PBXFileReference; lastKnownFileType = sourcecode.swift; path = MapRegionCalculator.swift; sourceTree = "<group>"; };
		E47F84B3F4A5B2EF756C30B4 /* CreateCustomLocationUseCaseTests.swift */ = {isa = PBXFileReference; lastKnownFileType = sourcecode.swift; path = CreateCustomLocationUseCaseTests.swift; sourceTree = "<group>"; };
		E88838225FB357F63703D2D8 /* TestDependencyContainer.swift */ = {isa = PBXFileReference; lastKnownFileType = sourcecode.swift; path = TestDependencyContainer.swift; sourceTree = "<group>"; };
		E989EFF32EDBAC2200219D20 /* PlacesMapViewClusterTests.swift */ = {isa = PBXFileReference; lastKnownFileType = sourcecode.swift; path = PlacesMapViewClusterTests.swift; sourceTree = "<group>"; };
		FAE8E9A433F4FA5DB0557DCB /* PlacesAppUITests.xctest */ = {isa = PBXFileReference; includeInIndex = 0; lastKnownFileType = wrapper.cfbundle; path = PlacesAppUITests.xctest; sourceTree = BUILT_PRODUCTS_DIR; };
		FC634E308F3F2BA0211978BC /* Theme.swift */ = {isa = PBXFileReference; lastKnownFileType = sourcecode.swift; path = Theme.swift; sourceTree = "<group>"; };
/* End PBXFileReference section */

/* Begin PBXGroup section */
		144B5BC030868380C7EF2EBA /* UseCases */ = {
			isa = PBXGroup;
			children = (
				A8847134AC2D1B473153FBDC /* CreateCustomLocationUseCase.swift */,
				0C79BAF82D449676C09DBFA2 /* GetLocationsUseCase.swift */,
			);
			path = UseCases;
			sourceTree = "<group>";
		};
		2354C043FEA0F84D74B01A74 /* Domain */ = {
			isa = PBXGroup;
			children = (
				E47F84B3F4A5B2EF756C30B4 /* CreateCustomLocationUseCaseTests.swift */,
				066238EC5B7C7F9841E1FF45 /* GetLocationsUseCaseTests.swift */,
				576BEDFB714EC270DD1FD74A /* PlaceModelTests.swift */,
			);
			path = Domain;
			sourceTree = "<group>";
		};
		2D28D743C5672133BEDA2855 /* Models */ = {
			isa = PBXGroup;
			children = (
				95CC30AE3A3EDA3BBA3A6E77 /* Place.swift */,
			);
			path = Models;
			sourceTree = "<group>";
		};
		384B2DA070A60EBEBC1AF3AF /* ViewModels */ = {
			isa = PBXGroup;
			children = (
				A7C4CB50E91C0F0EA5743FD7 /* PlacesViewModel.swift */,
			);
			path = ViewModels;
			sourceTree = "<group>";
		};
		4F7E55332CAB03B2CA3A2CC7 /* Resources */ = {
			isa = PBXGroup;
			children = (
				8C49A5111C7E208AD0916879 /* Localizable.strings */,
				440F166B7E2B5B0804008938 /* mock_locations.json */,
			);
			path = Resources;
			sourceTree = "<group>";
		};
		5202D658B24F6D4B6F1ACF6D /* Products */ = {
			isa = PBXGroup;
			children = (
				7236242B6096301DD9BE08DF /* PlacesApp.app */,
				6CA977A987D1C4E29C0C6A96 /* PlacesAppTests.xctest */,
				FAE8E9A433F4FA5DB0557DCB /* PlacesAppUITests.xctest */,
			);
			name = Products;
			sourceTree = "<group>";
		};
		5B31563433E58F72ED2928C3 /* Application */ = {
			isa = PBXGroup;
			children = (
				C159898A484482FF66F1CCEE /* DependencyContainer.swift */,
				E88838225FB357F63703D2D8 /* TestDependencyContainer.swift */,
			);
			path = Application;
			sourceTree = "<group>";
		};
		6B1FFBFD7CD40E9789118D75 /* PlacesAppTests */ = {
			isa = PBXGroup;
			children = (
				A8AC9D8E5E951AB3A01F3E08 /* Data */,
				2354C043FEA0F84D74B01A74 /* Domain */,
				7319A7DA7CAB61179745E867 /* Mocks */,
				ECC18F50BDF9F6F10909D904 /* Presentation */,
				7A14E052111D605DB86507CE /* Utils */,
			);
			path = PlacesAppTests;
			sourceTree = "<group>";
		};
		7319A7DA7CAB61179745E867 /* Mocks */ = {
			isa = PBXGroup;
			children = (
				01DF12F94C2B3A5A53B78FD6 /* MockNetworkReachability.swift */,
				14791246D39D106924F68500 /* MockNetworkService.swift */,
				3A6DF1A5F929E99CAC5160EA /* MockPlacesRepository.swift */,
				D903656330C008F6FB6D6F0E /* MockURLSession.swift */,
			);
			path = Mocks;
			sourceTree = "<group>";
		};
		7A14E052111D605DB86507CE /* Utils */ = {
			isa = PBXGroup;
			children = (
				A5440D111D8BBE07FB9252CE /* NetworkReachabilityTests.swift */,
				318C153628E5568478D67195 /* WikipediaURLBuilderTests.swift */,
			);
			path = Utils;
			sourceTree = "<group>";
		};
		7CF323E8FAC7576AE377053E /* Utils */ = {
			isa = PBXGroup;
			children = (
				1A03D6771C92D3A4460A779A /* CoordinateValidator.swift */,
				049E9C6DA19E5D71493E4985 /* LocalizedStrings.swift */,
				E239ADE9C8A097B9E89C1C85 /* MapRegionCalculator.swift */,
				4425CE8DE08369BB8C663F53 /* NetworkReachability.swift */,
				28563FE24234E8F7F1B831F4 /* WikipediaURLBuilder.swift */,
			);
			path = Utils;
			sourceTree = "<group>";
		};
		8A22F7BDEDF8B16C4937B748 /* Domain */ = {
			isa = PBXGroup;
			children = (
				A949A0A12650A11A34C94D27 /* Constants */,
				2D28D743C5672133BEDA2855 /* Models */,
				FDC965E5B703CE5195EA471B /* Protocols */,
				144B5BC030868380C7EF2EBA /* UseCases */,
				7CF323E8FAC7576AE377053E /* Utils */,
			);
			path = Domain;
			sourceTree = "<group>";
		};
		8A304FBB36C194FF0B8BDDC3 /* Network */ = {
			isa = PBXGroup;
			children = (
				7DE02131DA410890F6828EA7 /* PlacesNetworkService.swift */,
			);
			path = Network;
			sourceTree = "<group>";
		};
		A8AC9D8E5E951AB3A01F3E08 /* Data */ = {
			isa = PBXGroup;
			children = (
				65350EB652357C7EDD9617A3 /* NetworkErrorTests.swift */,
				DAFA6790EDB78A4BAF318A58 /* PlaceDecodingTests.swift */,
				2DAD87AD554E4C215B3E07DA /* PlacesNetworkServiceTests.swift */,
				AA9CB13AC8C7C70E893586C1 /* PlacesRepositoryTests.swift */,
			);
			path = Data;
			sourceTree = "<group>";
		};
		A949A0A12650A11A34C94D27 /* Constants */ = {
			isa = PBXGroup;
			children = (
				60FE3B802ACC808A403D740D /* ErrorMessages.swift */,
			);
			path = Constants;
			sourceTree = "<group>";
		};
		B2E388CF8120DAE89AFD8EDC /* Data */ = {
			isa = PBXGroup;
			children = (
				8A304FBB36C194FF0B8BDDC3 /* Network */,
				C3D7A8247D03A804F42D19F7 /* Repositories */,
			);
			path = Data;
			sourceTree = "<group>";
		};
		B75253A4DFAAC5310CBB654A = {
			isa = PBXGroup;
			children = (
				FDB83BF53D5F65E72D3C5018 /* PlacesApp */,
				6B1FFBFD7CD40E9789118D75 /* PlacesAppTests */,
				E37DCF8AA90B6C65509935F0 /* PlacesAppUITests */,
				5202D658B24F6D4B6F1ACF6D /* Products */,
			);
			sourceTree = "<group>";
		};
		BBC485E91FAFD9586E09BCE7 /* Views */ = {
			isa = PBXGroup;
			children = (
				48C844E6260DD2C4195313EA /* CustomLocationView.swift */,
				316F06D9ABD569E88D28C776 /* EmptyStateView.swift */,
				D31080F4E4D7690146B9080D /* ErrorStateView.swift */,
				A46080F43A609F9FA5B9A44B /* PlaceRowView.swift */,
				9AEB2A76BB51CC301666886D /* PlacesListView.swift */,
				1CD32D63EA75579C633A761D /* PlacesMapView.swift */,
			);
			path = Views;
			sourceTree = "<group>";
		};
		C3D7A8247D03A804F42D19F7 /* Repositories */ = {
			isa = PBXGroup;
			children = (
				CE32608245346DE75513DC90 /* PlacesRepository.swift */,
			);
			path = Repositories;
			sourceTree = "<group>";
		};
		C6AFC386606197AB14EFFC1E /* Presentation */ = {
			isa = PBXGroup;
			children = (
				FC634E308F3F2BA0211978BC /* Theme.swift */,
				384B2DA070A60EBEBC1AF3AF /* ViewModels */,
				BBC485E91FAFD9586E09BCE7 /* Views */,
			);
			path = Presentation;
			sourceTree = "<group>";
		};
		E37DCF8AA90B6C65509935F0 /* PlacesAppUITests */ = {
			isa = PBXGroup;
			children = (
				D6993AC33BCCB28211651E64 /* AccessibilityUITests.swift */,
				878815E22EA7F6D67244960C /* ErrorStateUITests.swift */,
				C9F7E4A870435BD50EDE77BE /* PlacesAppUITests.swift */,
				72D3FA43D1DEFFCECDDE26B3 /* XCUIElement+Extensions.swift */,
			);
			path = PlacesAppUITests;
			sourceTree = "<group>";
		};
		ECC18F50BDF9F6F10909D904 /* Presentation */ = {
			isa = PBXGroup;
			children = (
				E989EFF32EDBAC2200219D20 /* PlacesMapViewClusterTests.swift */,
				9C16793CB6229293BB04645B /* ErrorStateViewTests.swift */,
				9C099C72AA0A5D3C30837520 /* PlaceRowViewTests.swift */,
				554A9EC0832E5059E1191D21 /* PlacesViewModelTests.swift */,
			);
			path = Presentation;
			sourceTree = "<group>";
		};
		FDB83BF53D5F65E72D3C5018 /* PlacesApp */ = {
			isa = PBXGroup;
			children = (
				4D2FE893014E634FBF8CEBE7 /* PlacesAppApp.swift */,
				5B31563433E58F72ED2928C3 /* Application */,
				B2E388CF8120DAE89AFD8EDC /* Data */,
				8A22F7BDEDF8B16C4937B748 /* Domain */,
				C6AFC386606197AB14EFFC1E /* Presentation */,
				4F7E55332CAB03B2CA3A2CC7 /* Resources */,
			);
			path = PlacesApp;
			sourceTree = "<group>";
		};
		FDC965E5B703CE5195EA471B /* Protocols */ = {
			isa = PBXGroup;
			children = (
				770E24BF6A697C83ACD417D6 /* PlacesRepositoryProtocol.swift */,
			);
			path = Protocols;
			sourceTree = "<group>";
		};
/* End PBXGroup section */

/* Begin PBXNativeTarget section */
		0252C1850C73D5976215F75E /* PlacesAppTests */ = {
			isa = PBXNativeTarget;
			buildConfigurationList = 899A30FE6D9F38EA34C7AB4A /* Build configuration list for PBXNativeTarget "PlacesAppTests" */;
			buildPhases = (
				9312924828C05488EF89B2C7 /* Sources */,
			);
			buildRules = (
			);
			dependencies = (
				B229403EE6CAFF2000FB9686 /* PBXTargetDependency */,
			);
			name = PlacesAppTests;
			packageProductDependencies = (
			);
			productName = PlacesAppTests;
			productReference = 6CA977A987D1C4E29C0C6A96 /* PlacesAppTests.xctest */;
			productType = "com.apple.product-type.bundle.unit-test";
		};
		95F47BCBBDE3795A0B63995D /* PlacesApp */ = {
			isa = PBXNativeTarget;
			buildConfigurationList = AD39A53B062914B5A312B29E /* Build configuration list for PBXNativeTarget "PlacesApp" */;
			buildPhases = (
				C9F216A5B6E57E7135B68867 /* Sources */,
				881AB769C59279EE964CC638 /* Resources */,
			);
			buildRules = (
			);
			dependencies = (
			);
			name = PlacesApp;
			packageProductDependencies = (
			);
			productName = PlacesApp;
			productReference = 7236242B6096301DD9BE08DF /* PlacesApp.app */;
			productType = "com.apple.product-type.application";
		};
		E1F39222EE19C229E0BBE3DA /* PlacesAppUITests */ = {
			isa = PBXNativeTarget;
			buildConfigurationList = 3629E96074F0FEFA6D945FBD /* Build configuration list for PBXNativeTarget "PlacesAppUITests" */;
			buildPhases = (
				236FD75CA260A90A2080381B /* Sources */,
			);
			buildRules = (
			);
			dependencies = (
				E3FCA9BCCBD1F7AF6BF33FA5 /* PBXTargetDependency */,
			);
			name = PlacesAppUITests;
			packageProductDependencies = (
			);
			productName = PlacesAppUITests;
			productReference = FAE8E9A433F4FA5DB0557DCB /* PlacesAppUITests.xctest */;
			productType = "com.apple.product-type.bundle.ui-testing";
		};
/* End PBXNativeTarget section */

/* Begin PBXProject section */
		2778231CA468872FE156CC5F /* Project object */ = {
			isa = PBXProject;
			attributes = {
				BuildIndependentTargetsInParallel = YES;
				LastUpgradeCheck = 1400;
				TargetAttributes = {
					E1F39222EE19C229E0BBE3DA = {
						TestTargetID = 95F47BCBBDE3795A0B63995D;
					};
				};
			};
			buildConfigurationList = 4E3F3A52D270DCD9B05AED8B /* Build configuration list for PBXProject "PlacesApp" */;
			compatibilityVersion = "Xcode 14.0";
			developmentRegion = en;
			hasScannedForEncodings = 0;
			knownRegions = (
				Base,
				en,
				nl,
			);
			mainGroup = B75253A4DFAAC5310CBB654A;
			minimizedProjectReferenceProxies = 1;
			projectDirPath = "";
			projectRoot = "";
			targets = (
				95F47BCBBDE3795A0B63995D /* PlacesApp */,
				0252C1850C73D5976215F75E /* PlacesAppTests */,
				E1F39222EE19C229E0BBE3DA /* PlacesAppUITests */,
			);
		};
/* End PBXProject section */

/* Begin PBXResourcesBuildPhase section */
		881AB769C59279EE964CC638 /* Resources */ = {
			isa = PBXResourcesBuildPhase;
			buildActionMask = 2147483647;
			files = (
				20B8736852685FF08539EF38 /* Localizable.strings in Resources */,
				D705156D2B82D39A4A988EDC /* mock_locations.json in Resources */,
			);
			runOnlyForDeploymentPostprocessing = 0;
		};
/* End PBXResourcesBuildPhase section */

/* Begin PBXSourcesBuildPhase section */
		236FD75CA260A90A2080381B /* Sources */ = {
			isa = PBXSourcesBuildPhase;
			buildActionMask = 2147483647;
			files = (
				8E29836163556CEDD901EFAD /* AccessibilityUITests.swift in Sources */,
				7F90ADD6A8614E9BB1440794 /* ErrorStateUITests.swift in Sources */,
				55EA4B8EEDE14A6C8837574B /* PlacesAppUITests.swift in Sources */,
				DA0A662E033A7B134F096409 /* XCUIElement+Extensions.swift in Sources */,
			);
			runOnlyForDeploymentPostprocessing = 0;
		};
		9312924828C05488EF89B2C7 /* Sources */ = {
			isa = PBXSourcesBuildPhase;
			buildActionMask = 2147483647;
			files = (
				F9EA850B26E962590C1C6DA3 /* CreateCustomLocationUseCaseTests.swift in Sources */,
				FC89C61A89CD313FBBEE980D /* ErrorStateViewTests.swift in Sources */,
				B3605F0651BA47C018B4704E /* GetLocationsUseCaseTests.swift in Sources */,
				531CEB607C18B243AA182786 /* MockNetworkReachability.swift in Sources */,
				E84CA7CD75148F7D3D4E41ED /* MockNetworkService.swift in Sources */,
				95017E79309CC923836DA805 /* MockPlacesRepository.swift in Sources */,
				73C38E4F53A14E48E08D1119 /* MockURLSession.swift in Sources */,
				CE677D1B867AA6E62244A9B2 /* NetworkErrorTests.swift in Sources */,
				1CCE67F86E00A271399DE503 /* NetworkReachabilityTests.swift in Sources */,
				9167F5709E89D853EE6BD0B2 /* PlaceDecodingTests.swift in Sources */,
				1B3AA27E9995DCDC43C93A18 /* PlaceModelTests.swift in Sources */,
				B9A53B8A666CDBEA0EC60A39 /* PlaceRowViewTests.swift in Sources */,
				04DDEC37CFDC6213A3C2C404 /* PlacesNetworkServiceTests.swift in Sources */,
				647A3960E2333BE2543D1B75 /* PlacesRepositoryTests.swift in Sources */,
				92178DD53EB9D2CF89AF5BE7 /* PlacesViewModelTests.swift in Sources */,
				9D2A3921FEACC13EFA7CBDE0 /* WikipediaURLBuilderTests.swift in Sources */,
				E989EFF42EDBAC2200219D20 /* PlacesMapViewClusterTests.swift in Sources */,
			);
			runOnlyForDeploymentPostprocessing = 0;
		};
		C9F216A5B6E57E7135B68867 /* Sources */ = {
			isa = PBXSourcesBuildPhase;
			buildActionMask = 2147483647;
			files = (
				42E5A660A7A4616EACBB8FF1 /* CoordinateValidator.swift in Sources */,
				C9891B2D524C9F679D152040 /* CreateCustomLocationUseCase.swift in Sources */,
				AC29D83387B29FC0238A1915 /* CustomLocationView.swift in Sources */,
				2007C677A0F590C3438B564F /* DependencyContainer.swift in Sources */,
				EB51E57A03D628A5EF2EBA08 /* EmptyStateView.swift in Sources */,
				A4E5468FFCAE4F11DE873BB9 /* ErrorMessages.swift in Sources */,
				D11F734D595349C89F254DEE /* ErrorStateView.swift in Sources */,
				A01C00271A792F4B89DF46CB /* GetLocationsUseCase.swift in Sources */,
				8B91C6C2D6A22B2E5A949DBD /* LocalizedStrings.swift in Sources */,
				EC8296067481867783B22EBC /* MapRegionCalculator.swift in Sources */,
				10F879D8A480C19C7AE0D8F4 /* NetworkReachability.swift in Sources */,
				D1C71DFF4AB483AE920A8F76 /* Place.swift in Sources */,
				47FDDB261A843854D7DC75D1 /* PlaceRowView.swift in Sources */,
				2BBD5D405237B1DE27350C7F /* PlacesAppApp.swift in Sources */,
				FC647A636588E2001725EE92 /* PlacesListView.swift in Sources */,
				C71BEA3B90341267707CE95F /* PlacesMapView.swift in Sources */,
				0DE7F848BF2EDDF685D6537B /* PlacesNetworkService.swift in Sources */,
				B5C3022689E3BA0A18D19440 /* PlacesRepository.swift in Sources */,
				4DD59C58861A4E32C18A9184 /* PlacesRepositoryProtocol.swift in Sources */,
				DB40A5094AEA25E252034064 /* PlacesViewModel.swift in Sources */,
				06012A7D3BEBFB351081F9FB /* TestDependencyContainer.swift in Sources */,
				9779973F8D32FC7B47627BEE /* Theme.swift in Sources */,
				72660DBDB254BD6FC70D8156 /* WikipediaURLBuilder.swift in Sources */,
			);
			runOnlyForDeploymentPostprocessing = 0;
		};
/* End PBXSourcesBuildPhase section */

/* Begin PBXTargetDependency section */
		B229403EE6CAFF2000FB9686 /* PBXTargetDependency */ = {
			isa = PBXTargetDependency;
			target = 95F47BCBBDE3795A0B63995D /* PlacesApp */;
			targetProxy = 5CBEDA06CF0F02EC4CD972C0 /* PBXContainerItemProxy */;
		};
		E3FCA9BCCBD1F7AF6BF33FA5 /* PBXTargetDependency */ = {
			isa = PBXTargetDependency;
			target = 95F47BCBBDE3795A0B63995D /* PlacesApp */;
			targetProxy = 2462929860F804E8A4595B30 /* PBXContainerItemProxy */;
		};
/* End PBXTargetDependency section */

/* Begin PBXVariantGroup section */
		8C49A5111C7E208AD0916879 /* Localizable.strings */ = {
			isa = PBXVariantGroup;
			children = (
				03897135D456290701D87E4A /* en */,
				59BAB4FF5E0C53A1369A1BA4 /* nl */,
			);
			name = Localizable.strings;
			sourceTree = "<group>";
		};
/* End PBXVariantGroup section */

/* Begin XCBuildConfiguration section */
		0A45342381563D2D69A9AFC3 /* Release */ = {
			isa = XCBuildConfiguration;
			buildSettings = {
				ALWAYS_SEARCH_USER_PATHS = NO;
				CLANG_ANALYZER_NONNULL = YES;
				CLANG_ANALYZER_NUMBER_OBJECT_CONVERSION = YES_AGGRESSIVE;
				CLANG_CXX_LANGUAGE_STANDARD = "gnu++14";
				CLANG_CXX_LIBRARY = "libc++";
				CLANG_ENABLE_MODULES = YES;
				CLANG_ENABLE_OBJC_ARC = YES;
				CLANG_ENABLE_OBJC_WEAK = YES;
				CLANG_WARN_BLOCK_CAPTURE_AUTORELEASING = YES;
				CLANG_WARN_BOOL_CONVERSION = YES;
				CLANG_WARN_COMMA = YES;
				CLANG_WARN_CONSTANT_CONVERSION = YES;
				CLANG_WARN_DEPRECATED_OBJC_IMPLEMENTATIONS = YES;
				CLANG_WARN_DIRECT_OBJC_ISA_USAGE = YES_ERROR;
				CLANG_WARN_DOCUMENTATION_COMMENTS = YES;
				CLANG_WARN_EMPTY_BODY = YES;
				CLANG_WARN_ENUM_CONVERSION = YES;
				CLANG_WARN_INFINITE_RECURSION = YES;
				CLANG_WARN_INT_CONVERSION = YES;
				CLANG_WARN_NON_LITERAL_NULL_CONVERSION = YES;
				CLANG_WARN_OBJC_IMPLICIT_RETAIN_SELF = YES;
				CLANG_WARN_OBJC_LITERAL_CONVERSION = YES;
				CLANG_WARN_OBJC_ROOT_CLASS = YES_ERROR;
				CLANG_WARN_QUOTED_INCLUDE_IN_FRAMEWORK_HEADER = YES;
				CLANG_WARN_RANGE_LOOP_ANALYSIS = YES;
				CLANG_WARN_STRICT_PROTOTYPES = YES;
				CLANG_WARN_SUSPICIOUS_MOVE = YES;
				CLANG_WARN_UNGUARDED_AVAILABILITY = YES_AGGRESSIVE;
				CLANG_WARN_UNREACHABLE_CODE = YES;
				CLANG_WARN__DUPLICATE_METHOD_MATCH = YES;
				COPY_PHASE_STRIP = NO;
				DEBUG_INFORMATION_FORMAT = "dwarf-with-dsym";
				ENABLE_NS_ASSERTIONS = NO;
				ENABLE_STRICT_OBJC_MSGSEND = YES;
				GCC_C_LANGUAGE_STANDARD = gnu11;
				GCC_NO_COMMON_BLOCKS = YES;
				GCC_WARN_64_TO_32_BIT_CONVERSION = YES;
				GCC_WARN_ABOUT_RETURN_TYPE = YES_ERROR;
				GCC_WARN_UNDECLARED_SELECTOR = YES;
				GCC_WARN_UNINITIALIZED_AUTOS = YES_AGGRESSIVE;
				GCC_WARN_UNUSED_FUNCTION = YES;
				GCC_WARN_UNUSED_VARIABLE = YES;
				IPHONEOS_DEPLOYMENT_TARGET = 15.0;
				MTL_ENABLE_DEBUG_INFO = NO;
				MTL_FAST_MATH = YES;
				PRODUCT_NAME = "$(TARGET_NAME)";
				SDKROOT = iphoneos;
				SWIFT_COMPILATION_MODE = wholemodule;
				SWIFT_OPTIMIZATION_LEVEL = "-O";
				SWIFT_VERSION = 5.0;
			};
			name = Release;
		};
		0C7749B92185DEDA5AAE3AB1 /* Release */ = {
			isa = XCBuildConfiguration;
			buildSettings = {
				BUNDLE_LOADER = "$(TEST_HOST)";
				GENERATE_INFOPLIST_FILE = YES;
				IPHONEOS_DEPLOYMENT_TARGET = 15.0;
				LD_RUNPATH_SEARCH_PATHS = (
					"$(inherited)",
					"@executable_path/Frameworks",
					"@loader_path/Frameworks",
				);
				PRODUCT_BUNDLE_IDENTIFIER = com.places.appTests;
				SDKROOT = iphoneos;
				SWIFT_VERSION = 5.7;
				TARGETED_DEVICE_FAMILY = "1,2";
				TEST_HOST = "$(BUILT_PRODUCTS_DIR)/PlacesApp.app/PlacesApp";
			};
			name = Release;
		};
		176651E40D72BA1C509F7CBE /* Release */ = {
			isa = XCBuildConfiguration;
			buildSettings = {
				ASSETCATALOG_COMPILER_APPICON_NAME = AppIcon;
				CODE_SIGN_IDENTITY = "iPhone Developer";
				GENERATE_INFOPLIST_FILE = YES;
				INFOPLIST_KEY_UIApplicationSceneManifest_Generation = YES;
				INFOPLIST_KEY_UIApplicationSupportsIndirectInputEvents = YES;
				INFOPLIST_KEY_UILaunchScreen_Generation = YES;
				INFOPLIST_KEY_UISupportedInterfaceOrientations_iPad = "UIInterfaceOrientationPortrait UIInterfaceOrientationPortraitUpsideDown UIInterfaceOrientationLandscapeLeft UIInterfaceOrientationLandscapeRight";
				INFOPLIST_KEY_UISupportedInterfaceOrientations_iPhone = "UIInterfaceOrientationPortrait UIInterfaceOrientationLandscapeLeft UIInterfaceOrientationLandscapeRight";
				IPHONEOS_DEPLOYMENT_TARGET = 15.0;
				LD_RUNPATH_SEARCH_PATHS = (
					"$(inherited)",
					"@executable_path/Frameworks",
				);
				PRODUCT_BUNDLE_IDENTIFIER = com.places.app;
				SDKROOT = iphoneos;
				SWIFT_VERSION = 5.7;
				TARGETED_DEVICE_FAMILY = "1,2";
			};
			name = Release;
		};
		21C49CD592E2CE5ECE04C961 /* Debug */ = {
			isa = XCBuildConfiguration;
			buildSettings = {
				ASSETCATALOG_COMPILER_APPICON_NAME = AppIcon;
				CODE_SIGN_IDENTITY = "iPhone Developer";
				GENERATE_INFOPLIST_FILE = YES;
				INFOPLIST_KEY_UIApplicationSceneManifest_Generation = YES;
				INFOPLIST_KEY_UIApplicationSupportsIndirectInputEvents = YES;
				INFOPLIST_KEY_UILaunchScreen_Generation = YES;
				INFOPLIST_KEY_UISupportedInterfaceOrientations_iPad = "UIInterfaceOrientationPortrait UIInterfaceOrientationPortraitUpsideDown UIInterfaceOrientationLandscapeLeft UIInterfaceOrientationLandscapeRight";
				INFOPLIST_KEY_UISupportedInterfaceOrientations_iPhone = "UIInterfaceOrientationPortrait UIInterfaceOrientationLandscapeLeft UIInterfaceOrientationLandscapeRight";
				IPHONEOS_DEPLOYMENT_TARGET = 15.0;
				LD_RUNPATH_SEARCH_PATHS = (
					"$(inherited)",
					"@executable_path/Frameworks",
				);
				PRODUCT_BUNDLE_IDENTIFIER = com.places.app;
				SDKROOT = iphoneos;
				SWIFT_VERSION = 5.7;
				TARGETED_DEVICE_FAMILY = "1,2";
			};
			name = Debug;
		};
		45F69E6B0A926E9BC500D636 /* Debug */ = {
			isa = XCBuildConfiguration;
			buildSettings = {
				BUNDLE_LOADER = "$(TEST_HOST)";
				GENERATE_INFOPLIST_FILE = YES;
				IPHONEOS_DEPLOYMENT_TARGET = 15.0;
				LD_RUNPATH_SEARCH_PATHS = (
					"$(inherited)",
					"@executable_path/Frameworks",
					"@loader_path/Frameworks",
				);
				PRODUCT_BUNDLE_IDENTIFIER = com.places.appTests;
				SDKROOT = iphoneos;
				SWIFT_VERSION = 5.7;
				TARGETED_DEVICE_FAMILY = "1,2";
				TEST_HOST = "$(BUILT_PRODUCTS_DIR)/PlacesApp.app/PlacesApp";
			};
			name = Debug;
		};
		4EE17BF87C8C90894C325CA5 /* Debug */ = {
			isa = XCBuildConfiguration;
			buildSettings = {
				ALWAYS_SEARCH_USER_PATHS = NO;
				CLANG_ANALYZER_NONNULL = YES;
				CLANG_ANALYZER_NUMBER_OBJECT_CONVERSION = YES_AGGRESSIVE;
				CLANG_CXX_LANGUAGE_STANDARD = "gnu++14";
				CLANG_CXX_LIBRARY = "libc++";
				CLANG_ENABLE_MODULES = YES;
				CLANG_ENABLE_OBJC_ARC = YES;
				CLANG_ENABLE_OBJC_WEAK = YES;
				CLANG_WARN_BLOCK_CAPTURE_AUTORELEASING = YES;
				CLANG_WARN_BOOL_CONVERSION = YES;
				CLANG_WARN_COMMA = YES;
				CLANG_WARN_CONSTANT_CONVERSION = YES;
				CLANG_WARN_DEPRECATED_OBJC_IMPLEMENTATIONS = YES;
				CLANG_WARN_DIRECT_OBJC_ISA_USAGE = YES_ERROR;
				CLANG_WARN_DOCUMENTATION_COMMENTS = YES;
				CLANG_WARN_EMPTY_BODY = YES;
				CLANG_WARN_ENUM_CONVERSION = YES;
				CLANG_WARN_INFINITE_RECURSION = YES;
				CLANG_WARN_INT_CONVERSION = YES;
				CLANG_WARN_NON_LITERAL_NULL_CONVERSION = YES;
				CLANG_WARN_OBJC_IMPLICIT_RETAIN_SELF = YES;
				CLANG_WARN_OBJC_LITERAL_CONVERSION = YES;
				CLANG_WARN_OBJC_ROOT_CLASS = YES_ERROR;
				CLANG_WARN_QUOTED_INCLUDE_IN_FRAMEWORK_HEADER = YES;
				CLANG_WARN_RANGE_LOOP_ANALYSIS = YES;
				CLANG_WARN_STRICT_PROTOTYPES = YES;
				CLANG_WARN_SUSPICIOUS_MOVE = YES;
				CLANG_WARN_UNGUARDED_AVAILABILITY = YES_AGGRESSIVE;
				CLANG_WARN_UNREACHABLE_CODE = YES;
				CLANG_WARN__DUPLICATE_METHOD_MATCH = YES;
				COPY_PHASE_STRIP = NO;
				DEBUG_INFORMATION_FORMAT = dwarf;
				ENABLE_STRICT_OBJC_MSGSEND = YES;
				ENABLE_TESTABILITY = YES;
				GCC_C_LANGUAGE_STANDARD = gnu11;
				GCC_DYNAMIC_NO_PIC = NO;
				GCC_NO_COMMON_BLOCKS = YES;
				GCC_OPTIMIZATION_LEVEL = 0;
				GCC_PREPROCESSOR_DEFINITIONS = (
					"$(inherited)",
					"DEBUG=1",
				);
				GCC_WARN_64_TO_32_BIT_CONVERSION = YES;
				GCC_WARN_ABOUT_RETURN_TYPE = YES_ERROR;
				GCC_WARN_UNDECLARED_SELECTOR = YES;
				GCC_WARN_UNINITIALIZED_AUTOS = YES_AGGRESSIVE;
				GCC_WARN_UNUSED_FUNCTION = YES;
				GCC_WARN_UNUSED_VARIABLE = YES;
				IPHONEOS_DEPLOYMENT_TARGET = 15.0;
				MTL_ENABLE_DEBUG_INFO = INCLUDE_SOURCE;
				MTL_FAST_MATH = YES;
				ONLY_ACTIVE_ARCH = YES;
				PRODUCT_NAME = "$(TARGET_NAME)";
				SDKROOT = iphoneos;
				SWIFT_ACTIVE_COMPILATION_CONDITIONS = DEBUG;
				SWIFT_OPTIMIZATION_LEVEL = "-Onone";
				SWIFT_VERSION = 5.0;
			};
			name = Debug;
		};
		5E2A2CAE23ED3E06FD98A8C1 /* Debug */ = {
			isa = XCBuildConfiguration;
			buildSettings = {
				BUNDLE_LOADER = "$(TEST_HOST)";
				GENERATE_INFOPLIST_FILE = YES;
				IPHONEOS_DEPLOYMENT_TARGET = 15.0;
				LD_RUNPATH_SEARCH_PATHS = (
					"$(inherited)",
					"@executable_path/Frameworks",
					"@loader_path/Frameworks",
				);
				PRODUCT_BUNDLE_IDENTIFIER = com.places.appUITests;
				SDKROOT = iphoneos;
				SWIFT_VERSION = 5.7;
				TARGETED_DEVICE_FAMILY = "1,2";
				TEST_TARGET_NAME = PlacesApp;
			};
			name = Debug;
		};
		69A2ED9E294B9F10354C6B29 /* Release */ = {
			isa = XCBuildConfiguration;
			buildSettings = {
				BUNDLE_LOADER = "$(TEST_HOST)";
				GENERATE_INFOPLIST_FILE = YES;
				IPHONEOS_DEPLOYMENT_TARGET = 15.0;
				LD_RUNPATH_SEARCH_PATHS = (
					"$(inherited)",
					"@executable_path/Frameworks",
					"@loader_path/Frameworks",
				);
				PRODUCT_BUNDLE_IDENTIFIER = com.places.appUITests;
				SDKROOT = iphoneos;
				SWIFT_VERSION = 5.7;
				TARGETED_DEVICE_FAMILY = "1,2";
				TEST_TARGET_NAME = PlacesApp;
			};
			name = Release;
		};
/* End XCBuildConfiguration section */

/* Begin XCConfigurationList section */
		3629E96074F0FEFA6D945FBD /* Build configuration list for PBXNativeTarget "PlacesAppUITests" */ = {
			isa = XCConfigurationList;
			buildConfigurations = (
				5E2A2CAE23ED3E06FD98A8C1 /* Debug */,
				69A2ED9E294B9F10354C6B29 /* Release */,
			);
			defaultConfigurationIsVisible = 0;
			defaultConfigurationName = Debug;
		};
		4E3F3A52D270DCD9B05AED8B /* Build configuration list for PBXProject "PlacesApp" */ = {
			isa = XCConfigurationList;
			buildConfigurations = (
				4EE17BF87C8C90894C325CA5 /* Debug */,
				0A45342381563D2D69A9AFC3 /* Release */,
			);
			defaultConfigurationIsVisible = 0;
			defaultConfigurationName = Debug;
		};
		899A30FE6D9F38EA34C7AB4A /* Build configuration list for PBXNativeTarget "PlacesAppTests" */ = {
			isa = XCConfigurationList;
			buildConfigurations = (
				45F69E6B0A926E9BC500D636 /* Debug */,
				0C7749B92185DEDA5AAE3AB1 /* Release */,
			);
			defaultConfigurationIsVisible = 0;
			defaultConfigurationName = Debug;
		};
		AD39A53B062914B5A312B29E /* Build configuration list for PBXNativeTarget "PlacesApp" */ = {
			isa = XCConfigurationList;
			buildConfigurations = (
				21C49CD592E2CE5ECE04C961 /* Debug */,
				176651E40D72BA1C509F7CBE /* Release */,
			);
			defaultConfigurationIsVisible = 0;
			defaultConfigurationName = Debug;
		};
/* End XCConfigurationList section */
	};
	rootObject = 2778231CA468872FE156CC5F /* Project object */;
}
